
Microsoft Visual Studio Solution File, Format Version 12.00
# Visual Studio Version 16
VisualStudioVersion = 16.0.30621.155
MinimumVisualStudioVersion = 10.0.40219.1
Project("{9A19103F-16F7-4668-BE54-9A1E7A4F7556}") = "ITS.ProjectWork.Client.Data", "ITS.ProjectWork.Client.Data\ITS.ProjectWork.Client.Data.csproj", "{F404A5B7-1B1C-49F5-8943-3E99F49746E6}"
EndProject
Project("{9A19103F-16F7-4668-BE54-9A1E7A4F7556}") = "ITS.ProjectWork.Client.Model", "ITS.ProjectWork.Client.Model\ITS.ProjectWork.Client.Model.csproj", "{5625364F-EAA1-4DF7-A9D3-65CE84ED1467}"
EndProject
Project("{9A19103F-16F7-4668-BE54-9A1E7A4F7556}") = "ITS.ProjectWork.Client.Worker", "ITS.ProjectWork.Client.Worker\ITS.ProjectWork.Client.Worker.csproj", "{C2E50248-259C-43EC-B6E6-435FA08199A3}"
EndProject
Project("{FAE04EC0-301F-11D3-BF4B-00C04F79EFBC}") = "ITS.ProjectWork.Client.Protocols", "ITS.ProjectWork.Client.Protocols\ITS.ProjectWork.Client.Protocols.csproj", "{9E7CC6DD-2F66-459B-9EE1-11112822E2CB}"
EndProject
Global
	GlobalSection(SolutionConfigurationPlatforms) = preSolution
		Debug|Any CPU = Debug|Any CPU
		Release|Any CPU = Release|Any CPU
	EndGlobalSection
	GlobalSection(ProjectConfigurationPlatforms) = postSolution
		{F404A5B7-1B1C-49F5-8943-3E99F49746E6}.Debug|Any CPU.ActiveCfg = Debug|Any CPU
		{F404A5B7-1B1C-49F5-8943-3E99F49746E6}.Debug|Any CPU.Build.0 = Debug|Any CPU
		{F404A5B7-1B1C-49F5-8943-3E99F49746E6}.Release|Any CPU.ActiveCfg = Release|Any CPU
		{F404A5B7-1B1C-49F5-8943-3E99F49746E6}.Release|Any CPU.Build.0 = Release|Any CPU
		{5625364F-EAA1-4DF7-A9D3-65CE84ED1467}.Debug|Any CPU.ActiveCfg = Debug|Any CPU
		{5625364F-EAA1-4DF7-A9D3-65CE84ED1467}.Debug|Any CPU.Build.0 = Debug|Any CPU
		{5625364F-EAA1-4DF7-A9D3-65CE84ED1467}.Release|Any CPU.ActiveCfg = Release|Any CPU
		{5625364F-EAA1-4DF7-A9D3-65CE84ED1467}.Release|Any CPU.Build.0 = Release|Any CPU
		{C2E50248-259C-43EC-B6E6-435FA08199A3}.Debug|Any CPU.ActiveCfg = Debug|Any CPU
		{C2E50248-259C-43EC-B6E6-435FA08199A3}.Debug|Any CPU.Build.0 = Debug|Any CPU
		{C2E50248-259C-43EC-B6E6-435FA08199A3}.Release|Any CPU.ActiveCfg = Release|Any CPU
		{C2E50248-259C-43EC-B6E6-435FA08199A3}.Release|Any CPU.Build.0 = Release|Any CPU
		{9E7CC6DD-2F66-459B-9EE1-11112822E2CB}.Debug|Any CPU.ActiveCfg = Debug|Any CPU
		{9E7CC6DD-2F66-459B-9EE1-11112822E2CB}.Debug|Any CPU.Build.0 = Debug|Any CPU
		{9E7CC6DD-2F66-459B-9EE1-11112822E2CB}.Release|Any CPU.ActiveCfg = Release|Any CPU
		{9E7CC6DD-2F66-459B-9EE1-11112822E2CB}.Release|Any CPU.Build.0 = Release|Any CPU
	EndGlobalSection
	GlobalSection(SolutionProperties) = preSolution
		HideSolutionNode = FALSE
	EndGlobalSection
	GlobalSection(ExtensibilityGlobals) = postSolution
		SolutionGuid = {00A4F928-7330-4247-B4E9-323F0C3A456B}
	EndGlobalSection
EndGlobal
